
Microsoft Visual Studio Solution File, Format Version 12.00
# Visual Studio Version 17
VisualStudioVersion = 17.0.31903.59
MinimumVisualStudioVersion = 10.0.40219.1
Project("{9A19103F-16F7-4668-BE54-9A1E7A4F7556}") = "KeaPulss.Web", "KeaPulss.Web\KeaPulss.Web.csproj", "{1655D9DF-5705-4A3A-84F3-239FB20C8E3A}"
EndProject
Project("{9A19103F-16F7-4668-BE54-9A1E7A4F7556}") = "KeaPulss.Models", "KeaPulss.Models\KeaPulss.Models.csproj", "{5E8096CD-6706-4355-BA90-2492B33A977F}"
EndProject
Project("{FAE04EC0-301F-11D3-BF4B-00C04F79EFBC}") = "KeaPulss.Core", "KeaPulss.Core\KeaPulss.Core.csproj", "{303756B4-F6E9-4561-AC9F-65FDA6AC98C8}"
EndProject
Global
	GlobalSection(SolutionConfigurationPlatforms) = preSolution
		Debug|Any CPU = Debug|Any CPU
		Release|Any CPU = Release|Any CPU
	EndGlobalSection
	GlobalSection(ProjectConfigurationPlatforms) = postSolution
		{1655D9DF-5705-4A3A-84F3-239FB20C8E3A}.Debug|Any CPU.ActiveCfg = Debug|Any CPU
		{1655D9DF-5705-4A3A-84F3-239FB20C8E3A}.Debug|Any CPU.Build.0 = Debug|Any CPU
		{1655D9DF-5705-4A3A-84F3-239FB20C8E3A}.Release|Any CPU.ActiveCfg = Release|Any CPU
		{1655D9DF-5705-4A3A-84F3-239FB20C8E3A}.Release|Any CPU.Build.0 = Release|Any CPU
		{5E8096CD-6706-4355-BA90-2492B33A977F}.Debug|Any CPU.ActiveCfg = Debug|Any CPU
		{5E8096CD-6706-4355-BA90-2492B33A977F}.Debug|Any CPU.Build.0 = Debug|Any CPU
		{5E8096CD-6706-4355-BA90-2492B33A977F}.Release|Any CPU.ActiveCfg = Release|Any CPU
		{5E8096CD-6706-4355-BA90-2492B33A977F}.Release|Any CPU.Build.0 = Release|Any CPU
		{303756B4-F6E9-4561-AC9F-65FDA6AC98C8}.Debug|Any CPU.ActiveCfg = Debug|Any CPU
		{303756B4-F6E9-4561-AC9F-65FDA6AC98C8}.Debug|Any CPU.Build.0 = Debug|Any CPU
		{303756B4-F6E9-4561-AC9F-65FDA6AC98C8}.Release|Any CPU.ActiveCfg = Release|Any CPU
		{303756B4-F6E9-4561-AC9F-65FDA6AC98C8}.Release|Any CPU.Build.0 = Release|Any CPU
	EndGlobalSection
	GlobalSection(SolutionProperties) = preSolution
		HideSolutionNode = FALSE
	EndGlobalSection
	GlobalSection(ExtensibilityGlobals) = postSolution
		SolutionGuid = {259CAFA8-B030-4A98-818B-C4AC9E8F163B}
	EndGlobalSection
EndGlobal
